# This file is automatically @generated by Cargo.
# It is not intended for manual editing.
version = 3

[[package]]
name = "example"
version = "0.1.0"
dependencies = [
 "externref_polyfill",
]

[[package]]
name = "externref_polyfill"
version = "0.0.2"
source = "registry+https://github.com/rust-lang/crates.io-index"
checksum = "52896f63a0b86e239df37240dbf789cbcad993326d164f4d964ebc00909b9818"
