# This file is automatically @generated by Cargo.
# It is not intended for manual editing.
version = 3

[[package]]
name = "example"
version = "0.1.0"
dependencies = [
 "externref_polyfill",
]

[[package]]
name = "externref_polyfill"
version = "0.1.0"
source = "registry+https://github.com/rust-lang/crates.io-index"
checksum = "bd600a1142026fb5a49bc130be89858a6e1b1a5e4bcb5c6b58064bb390810436"
