# This file is automatically @generated by Cargo.
# It is not intended for manual editing.
version = 3

[[package]]
name = "example"
version = "0.1.0"
dependencies = [
 "externref_polyfill",
]

[[package]]
name = "externref_polyfill"
version = "0.0.1"
source = "registry+https://github.com/rust-lang/crates.io-index"
checksum = "b9d7773b405b918c1a184070e9d53b0ab6121a008fa6656d6f381689ee7075a6"
